<?xml version="1.0" encoding="utf-8"?>
<Project ToolsVersion="4.0" xmlns="http://schemas.microsoft.com/developer/msbuild/2003">
  <ItemGroup>
    <Filter Include="Source Files">
      <UniqueIdentifier>{4FC737F1-C7A5-4376-A066-2A32D752A2FF}</UniqueIdentifier>
      <Extensions>cpp;cxx;c;def</Extensions>
    </Filter>
    <Filter Include="Header Files">
      <UniqueIdentifier>{93995380-89BD-4b04-88EB-625FBE52EBFB}</UniqueIdentifier>
      <Extensions>h</Extensions>
    </Filter>
    <Filter Include="Form Files">
      <UniqueIdentifier>{99349809-55BA-4b9d-BF79-8FDBB0286EB3}</UniqueIdentifier>
      <Extensions>ui</Extensions>
    </Filter>
    <Filter Include="Resource Files">
      <UniqueIdentifier>{D9D6E242-F8AF-46E4-B9FD-80ECBC20BA3E}</UniqueIdentifier>
      <Extensions>qrc;*</Extensions>
      <ParseFiles>false</ParseFiles>
    </Filter>
    <Filter Include="Generated Files">
      <UniqueIdentifier>{71ED8ED8-ACB9-4CE9-BBE1-E00B30144E11}</UniqueIdentifier>
      <Extensions>moc;h;cpp</Extensions>
      <SourceControlFiles>False</SourceControlFiles>
    </Filter>
    <Filter Include="Generated Files\Debug">
      <UniqueIdentifier>{03b3cf5a-bb00-437c-8741-009a644b8905}</UniqueIdentifier>
      <Extensions>cpp;moc</Extensions>
      <SourceControlFiles>False</SourceControlFiles>
    </Filter>
    <Filter Include="Generated Files\Release">
      <UniqueIdentifier>{19497db8-8b74-4056-9720-0eb697385218}</UniqueIdentifier>
      <Extensions>cpp;moc</Extensions>
      <SourceControlFiles>False</SourceControlFiles>
    </Filter>
    <Filter Include="Modules">
      <UniqueIdentifier>{8208523c-aceb-4eb0-8869-cc66f243dc0e}</UniqueIdentifier>
    </Filter>
    <Filter Include="Modules\NowyFolderNaKazdyModul">
      <UniqueIdentifier>{be580e47-5a67-469d-bb91-c9b8a3710729}</UniqueIdentifier>
    </Filter>
    <Filter Include="Modules\VisualizationModule">
      <UniqueIdentifier>{f66e6bd9-3c47-40c5-bc20-9053aa447fef}</UniqueIdentifier>
    </Filter>
    <Filter Include="Modules\GUI">
      <UniqueIdentifier>{a71780aa-fa53-457b-b580-e7882ac02e90}</UniqueIdentifier>
    </Filter>
    <Filter Include="Modules\Common">
      <UniqueIdentifier>{e2e2d8d4-0bd2-49db-a31a-a93e96777b82}</UniqueIdentifier>
    </Filter>
    <Filter Include="Modules\I/O">
      <UniqueIdentifier>{53e62d74-8ba7-4f63-91c0-5d59db56fec2}</UniqueIdentifier>
    </Filter>
    <Filter Include="Modules\Engine">
      <UniqueIdentifier>{b9b88387-f9a3-4cf8-a570-4bd3e67f374b}</UniqueIdentifier>
    </Filter>
    <Filter Include="Modules\AtrialFibrilation">
      <UniqueIdentifier>{b835c4d0-4894-4495-aba0-3409ee3e8a17}</UniqueIdentifier>
    </Filter>
    <Filter Include="Modules\Baseline">
      <UniqueIdentifier>{7df171cb-1ab3-47a5-bd8a-83d4899e6830}</UniqueIdentifier>
    </Filter>
    <Filter Include="Modules\SigEDR">
      <UniqueIdentifier>{f3d0237a-9b64-43b6-82ff-ee03b1a82e63}</UniqueIdentifier>
    </Filter>
    <Filter Include="Modules\Waves">
      <UniqueIdentifier>{e030cbd9-ac55-4177-909e-2d9576180c58}</UniqueIdentifier>
    </Filter>
    <Filter Include="Modules\HRV2">
      <UniqueIdentifier>{75a0c724-9101-4c82-8868-4f5b17f6eab6}</UniqueIdentifier>
    </Filter>
    <Filter Include="Modules\RPeaks">
      <UniqueIdentifier>{90a504a8-2ccd-40fa-afd2-787c20662060}</UniqueIdentifier>
    </Filter>
  </ItemGroup>
  <ItemGroup>
    <ClCompile Include="GeneratedFiles\qrc_ekg.cpp">
      <Filter>Generated Files</Filter>
    </ClCompile>
    <ClCompile Include="gui\channelsmenu.cpp">
      <Filter>Modules\GUI</Filter>
    </ClCompile>
    <ClCompile Include="GeneratedFiles\Debug\moc_channelsmenu.cpp">
      <Filter>Generated Files\Debug</Filter>
    </ClCompile>
    <ClCompile Include="GeneratedFiles\Release\moc_channelsmenu.cpp">
      <Filter>Generated Files\Release</Filter>
    </ClCompile>
    <ClCompile Include="gui\channelsprivate.cpp">
      <Filter>Modules\GUI</Filter>
    </ClCompile>
    <ClCompile Include="gui\graphswidget.cpp">
      <Filter>Modules\GUI</Filter>
    </ClCompile>
    <ClCompile Include="GeneratedFiles\Debug\moc_graphswidget.cpp">
      <Filter>Generated Files\Debug</Filter>
    </ClCompile>
    <ClCompile Include="GeneratedFiles\Release\moc_graphswidget.cpp">
      <Filter>Generated Files\Release</Filter>
    </ClCompile>
    <ClCompile Include="gui\mainwidget.cpp">
      <Filter>Modules\GUI</Filter>
    </ClCompile>
    <ClCompile Include="GeneratedFiles\Debug\moc_mainwidget.cpp">
      <Filter>Generated Files\Debug</Filter>
    </ClCompile>
    <ClCompile Include="GeneratedFiles\Release\moc_mainwidget.cpp">
      <Filter>Generated Files\Release</Filter>
    </ClCompile>
    <ClCompile Include="gui\mainwindow.cpp">
      <Filter>Modules\GUI</Filter>
    </ClCompile>
    <ClCompile Include="GeneratedFiles\Debug\moc_mainwindow.cpp">
      <Filter>Generated Files\Debug</Filter>
    </ClCompile>
    <ClCompile Include="GeneratedFiles\Release\moc_mainwindow.cpp">
      <Filter>Generated Files\Release</Filter>
    </ClCompile>
    <ClCompile Include="gui\selectmodulemenu.cpp">
      <Filter>Modules\GUI</Filter>
    </ClCompile>
    <ClCompile Include="GeneratedFiles\Debug\moc_selectmodulemenu.cpp">
      <Filter>Generated Files\Debug</Filter>
    </ClCompile>
    <ClCompile Include="GeneratedFiles\Release\moc_selectmodulemenu.cpp">
      <Filter>Generated Files\Release</Filter>
    </ClCompile>
    <ClCompile Include="gui\selectmodulesprivate.cpp">
      <Filter>Modules\GUI</Filter>
    </ClCompile>
    <ClCompile Include="ObjectManager.cpp">
      <Filter>Modules\Common</Filter>
    </ClCompile>
    <ClCompile Include="MajorPlot.cpp">
      <Filter>Modules\VisualizationModule</Filter>
    </ClCompile>
    <ClCompile Include="CurvePlot.cpp">
      <Filter>Modules\VisualizationModule</Filter>
    </ClCompile>
    <ClCompile Include="HistogramPlot.cpp">
      <Filter>Modules\VisualizationModule</Filter>
    </ClCompile>
    <ClCompile Include="ScatterPlot.cpp">
      <Filter>Modules\VisualizationModule</Filter>
    </ClCompile>
    <ClCompile Include="Input.cpp">
      <Filter>Modules\I/O</Filter>
    </ClCompile>
    <ClCompile Include="PdfGenerator.cpp">
      <Filter>Modules\I/O</Filter>
    </ClCompile>
    <ClCompile Include="RaportGenerator.cpp">
      <Filter>Modules\I/O</Filter>
    </ClCompile>
    <ClCompile Include="gui\ECGFiltrationWidget.cpp">
      <Filter>Modules\GUI</Filter>
    </ClCompile>
    <ClCompile Include="gui\RPeaksDetectionWidget.cpp">
      <Filter>Modules\GUI</Filter>
    </ClCompile>
    <ClCompile Include="AbstractModule.cpp">
      <Filter>Modules\Engine</Filter>
    </ClCompile>
    <ClCompile Include="AbstractResult.cpp">
      <Filter>Modules\Engine</Filter>
    </ClCompile>
    <ClCompile Include="ModuleThread.cpp">
      <Filter>Modules\Engine</Filter>
    </ClCompile>
    <ClCompile Include="ModuleTimer.cpp">
      <Filter>Modules\Engine</Filter>
    </ClCompile>
    <ClCompile Include="Result.cpp">
      <Filter>Modules\Engine</Filter>
    </ClCompile>
    <ClCompile Include="ResultKeeper.cpp">
      <Filter>Modules\Engine</Filter>
    </ClCompile>
    <ClCompile Include="TestModule.cpp">
      <Filter>Modules\Engine</Filter>
    </ClCompile>
    <ClCompile Include="VAbstractModule.cpp">
      <Filter>Modules\Engine</Filter>
    </ClCompile>
    <ClCompile Include="BaselineResult.cpp">
      <Filter>Modules\Baseline</Filter>
    </ClCompile>
    <ClCompile Include="ECGBaseline.cpp">
      <Filter>Modules\Baseline</Filter>
    </ClCompile>
    <ClCompile Include="Butterworth.cpp">
      <Filter>Modules\Baseline</Filter>
    </ClCompile>
    <ClCompile Include="Chebyshev.cpp">
      <Filter>Modules\Baseline</Filter>
    </ClCompile>
    <ClCompile Include="CubicSpline.cpp">
      <Filter>Modules\Baseline</Filter>
    </ClCompile>
    <ClCompile Include="LeastMeanSquares.cpp">
      <Filter>Modules\Baseline</Filter>
    </ClCompile>
    <ClCompile Include="MovingAverage.cpp">
      <Filter>Modules\Baseline</Filter>
    </ClCompile>
    <ClCompile Include="SavitzkyGolay.cpp">
      <Filter>Modules\Baseline</Filter>
    </ClCompile>
    <ClCompile Include="Filter.cpp">
      <Filter>Modules\Baseline</Filter>
    </ClCompile>
    <ClCompile Include="main.cpp">
      <Filter>Source Files</Filter>
    </ClCompile>
    <ClCompile Include="MajesticEngineOfGlory.cpp">
      <Filter>Source Files</Filter>
    </ClCompile>
    <ClCompile Include="RPeaks.cpp">
      <Filter>Modules\RPeaks</Filter>
    </ClCompile>
    <ClCompile Include="RPeaksResult.cpp">
      <Filter>Modules\RPeaks</Filter>
    </ClCompile>
  </ItemGroup>
  <ItemGroup>
    <CustomBuild Include="ekg.qrc">
      <Filter>Resource Files</Filter>
    </CustomBuild>
    <CustomBuild Include="gui\channelsmenu.h">
      <Filter>Modules\GUI</Filter>
    </CustomBuild>
    <CustomBuild Include="gui\graphswidget.h">
      <Filter>Modules\GUI</Filter>
    </CustomBuild>
    <CustomBuild Include="gui\mainwidget.h">
      <Filter>Modules\GUI</Filter>
    </CustomBuild>
    <CustomBuild Include="gui\mainwindow.h">
      <Filter>Modules\GUI</Filter>
    </CustomBuild>
    <CustomBuild Include="gui\selectmodulemenu.h">
      <Filter>Modules\GUI</Filter>
    </CustomBuild>
  </ItemGroup>
  <ItemGroup>
    <ClInclude Include="CurvePlot.h">
      <Filter>Modules\VisualizationModule</Filter>
    </ClInclude>
    <ClInclude Include="MajorPlot.h">
      <Filter>Modules\VisualizationModule</Filter>
    </ClInclude>
    <ClInclude Include="ScatterPlot.h">
      <Filter>Modules\VisualizationModule</Filter>
    </ClInclude>
    <ClInclude Include="HistogramPlot.h">
      <Filter>Modules\VisualizationModule</Filter>
    </ClInclude>
    <ClInclude Include="Table.h">
      <Filter>Modules\VisualizationModule</Filter>
    </ClInclude>
    <ClInclude Include="gui\channelsprivate.h">
      <Filter>Modules\GUI</Filter>
    </ClInclude>
    <ClInclude Include="gui\selectmodulesprivate.h">
      <Filter>Modules\GUI</Filter>
    </ClInclude>
    <ClInclude Include="ObjectManager.h">
      <Filter>Modules\Common</Filter>
    </ClInclude>
    <ClInclude Include="Input.h">
      <Filter>Modules\I/O</Filter>
    </ClInclude>
    <ClInclude Include="PdfGenerator.h">
      <Filter>Modules\I/O</Filter>
    </ClInclude>
    <ClInclude Include="RaportGenerator.h">
      <Filter>Modules\I/O</Filter>
    </ClInclude>
    <ClInclude Include="gui\ECGFiltrationWidget.h">
      <Filter>Modules\GUI</Filter>
    </ClInclude>
    <ClInclude Include="gui\RPeaksDetectionWidget.h">
      <Filter>Modules\GUI</Filter>
    </ClInclude>
    <ClInclude Include="AbstractModule.h">
      <Filter>Modules\Engine</Filter>
    </ClInclude>
    <ClInclude Include="AbstractResult.h">
      <Filter>Modules\Engine</Filter>
    </ClInclude>
    <ClInclude Include="ModuleThread.h">
      <Filter>Modules\Engine</Filter>
    </ClInclude>
    <ClInclude Include="ModuleTimer.h">
      <Filter>Modules\Engine</Filter>
    </ClInclude>
    <ClInclude Include="Result.h">
      <Filter>Modules\Engine</Filter>
    </ClInclude>
    <ClInclude Include="ResultKeeper.h">
      <Filter>Modules\Engine</Filter>
    </ClInclude>
    <ClInclude Include="TestModule.h">
      <Filter>Modules\Engine</Filter>
    </ClInclude>
    <ClInclude Include="VAbstractModule.h">
      <Filter>Modules\Engine</Filter>
    </ClInclude>
    <ClInclude Include="BaselineResult.h">
      <Filter>Modules\Baseline</Filter>
    </ClInclude>
    <ClInclude Include="ECGBaseline.h">
      <Filter>Modules\Baseline</Filter>
    </ClInclude>
    <ClInclude Include="Butterworth.h">
      <Filter>Modules\Baseline</Filter>
    </ClInclude>
    <ClInclude Include="Chebyshev.h">
      <Filter>Modules\Baseline</Filter>
    </ClInclude>
    <ClInclude Include="CubicSpline.h">
      <Filter>Modules\Baseline</Filter>
    </ClInclude>
    <ClInclude Include="LeastMeanSquares.h">
      <Filter>Modules\Baseline</Filter>
    </ClInclude>
    <ClInclude Include="MovingAverage.h">
      <Filter>Modules\Baseline</Filter>
    </ClInclude>
    <ClInclude Include="SavitzkyGolay.h">
      <Filter>Modules\Baseline</Filter>
    </ClInclude>
    <ClInclude Include="Filter.h">
      <Filter>Modules\Baseline</Filter>
    </ClInclude>
    <ClInclude Include="FilterType.h">
      <Filter>Modules\Baseline</Filter>
    </ClInclude>
    <ClInclude Include="MajesticEngineOfGlory.h">
      <Filter>Header Files</Filter>
    </ClInclude>
    <ClInclude Include="RPeaks.h">
      <Filter>Modules\RPeaks</Filter>
    </ClInclude>
    <ClInclude Include="RPeaksResult.h">
      <Filter>Modules\RPeaks</Filter>
    </ClInclude>
  </ItemGroup>
  <ItemGroup>
    <ResourceCompile Include="Ekg.rc" />
  </ItemGroup>
  <ItemGroup>
    <None Include="ClassDiagram.cd" />
  </ItemGroup>
</Project>